{
  "name": "tag-line-generator",
  "version": "1.0.0",
  "lockfileVersion": 2,
  "requires": true,
  "packages": {
    "": {
      "name": "tag-line-generator",
      "version": "1.0.0",
      "license": "MIT",
      "devDependencies": {
        "@alttiri/util-js": "github:alttiri/util-js#semver:1.2.0",
        "@alttiri/util-node-js": "github:alttiri/util-node-js#semver:1.5.1"
      }
    },
    "node_modules/@alttiri/util-js": {
      "version": "1.2.0",
      "resolved": "git+ssh://git@github.com/alttiri/util-js.git#daf43dd51820f4f111223e68ba20ad3976412e51",
      "dev": true,
      "license": "MIT"
    },
    "node_modules/@alttiri/util-node-js": {
      "version": "1.5.1",
      "resolved": "git+ssh://git@github.com/alttiri/util-node-js.git#c8b12aa89ebde313505bc0264d2edb6dcb07649c",
      "dev": true,
      "license": "MIT"
    }
  },
  "dependencies": {
    "@alttiri/util-js": {
      "version": "git+ssh://git@github.com/alttiri/util-js.git#daf43dd51820f4f111223e68ba20ad3976412e51",
      "dev": true,
      "from": "@alttiri/util-js@github:alttiri/util-js#semver:1.2.0"
    },
    "@alttiri/util-node-js": {
      "version": "git+ssh://git@github.com/alttiri/util-node-js.git#c8b12aa89ebde313505bc0264d2edb6dcb07649c",
      "dev": true,
      "from": "@alttiri/util-node-js@github:alttiri/util-node-js#semver:1.5.1"
    }
  }
}
