{
  "name": "tag-handler",
  "lockfileVersion": 2,
  "requires": true,
  "packages": {
    "": {
      "dependencies": {
        "@alttiri/util-node-js": "github:alttiri/util-node-js#semver:1.4.0"
      }
    },
    "node_modules/@alttiri/util-js": {
      "version": "1.0.4",
      "resolved": "git+ssh://git@github.com/AlttiRi/util-js.git#5938ffd735966a1427feca5057a779e99c2a6cad",
      "license": "MIT"
    },
    "node_modules/@alttiri/util-node-js": {
      "version": "1.4.0",
      "resolved": "git+ssh://git@github.com/alttiri/util-node-js.git#2f210f183d3c16f68a5e3137b191f2e5ac1e8502",
      "license": "MIT",
      "dependencies": {
        "@alttiri/util-js": "github:AlttiRi/util-js#semver:1.0.4"
      }
    }
  },
  "dependencies": {
    "@alttiri/util-js": {
      "version": "git+ssh://git@github.com/AlttiRi/util-js.git#5938ffd735966a1427feca5057a779e99c2a6cad",
      "from": "@alttiri/util-js@github:AlttiRi/util-js#semver:1.0.4"
    },
    "@alttiri/util-node-js": {
      "version": "git+ssh://git@github.com/alttiri/util-node-js.git#2f210f183d3c16f68a5e3137b191f2e5ac1e8502",
      "from": "@alttiri/util-node-js@git+https://github.com/alttiri/util-node-js.git#semver:1.4.0",
      "requires": {
        "@alttiri/util-js": "github:AlttiRi/util-js#semver:1.0.4"
      }
    }
  }
}
